
Microsoft Visual Studio Solution File, Format Version 12.00
Project("{FAE04EC0-301F-11D3-BF4B-00C04F79EFBC}") = "TradingTools.WebApp", "src\Apps\TradingTools.WebApp\TradingTools.WebApp.csproj", "{DEEE423F-90D0-44F3-936F-ECAA1BD0DA2D}"
EndProject
Project("{2150E333-8FDC-42A3-9474-1A3956D46DE8}") = "Apps", "Apps", "{E447780B-7E33-40A0-A43F-3CF3221A93F4}"
EndProject
Project("{2150E333-8FDC-42A3-9474-1A3956D46DE8}") = "Modules", "Modules", "{D69D4C82-89BC-40F3-BED7-AB5190BA34D2}"
EndProject
Project("{FAE04EC0-301F-11D3-BF4B-00C04F79EFBC}") = "MarketData", "src\Modules\MarketData\MarketData.csproj", "{B88B464F-F59C-43C8-A844-538D84B7F6BC}"
EndProject
Project("{FAE04EC0-301F-11D3-BF4B-00C04F79EFBC}") = "Assistant", "src\Modules\Assistant\Assistant.csproj", "{0AD5E970-2D76-491F-9932-215D0E590A17}"
EndProject
Project("{FAE04EC0-301F-11D3-BF4B-00C04F79EFBC}") = "Claude", "src\Infrastructure\Claude\Claude.csproj", "{9F57B878-5FC7-4978-9C24-E92CE625B410}"
EndProject
Project("{FAE04EC0-301F-11D3-BF4B-00C04F79EFBC}") = "Binance", "src\Infrastructure\Binance\Binance.csproj", "{DC2EBC28-CD71-4B6E-8C5B-87CE0F7D91EC}"
EndProject
Project("{2150E333-8FDC-42A3-9474-1A3956D46DE8}") = "Infrastructure", "Infrastructure", "{28F65382-3695-4A97-8094-5CEFD8C866D3}"
EndProject
Project("{FAE04EC0-301F-11D3-BF4B-00C04F79EFBC}") = "StrategyEvaluation", "src\Modules\StrategyEvaluation\StrategyEvaluation.csproj", "{12345678-1234-4321-ABCD-123456789001}"
EndProject
Project("{FAE04EC0-301F-11D3-BF4B-00C04F79EFBC}") = "FileStorage", "src\Infrastructure\FileStorage\FileStorage.csproj", "{12345678-1234-4321-ABCD-123456789002}"
EndProject
Project("{FAE04EC0-301F-11D3-BF4B-00C04F79EFBC}") = "StrategyEvaluation.Tests", "src\Modules\StrategyEvaluation.Tests\StrategyEvaluation.Tests.csproj", "{12345678-1234-4321-ABCD-123456789003}"
EndProject
Global
	GlobalSection(SolutionConfigurationPlatforms) = preSolution
		Debug|Any CPU = Debug|Any CPU
		Release|Any CPU = Release|Any CPU
	EndGlobalSection
	GlobalSection(ProjectConfigurationPlatforms) = postSolution
		{0AD5E970-2D76-491F-9932-215D0E590A17}.Debug|Any CPU.ActiveCfg = Debug|Any CPU
		{0AD5E970-2D76-491F-9932-215D0E590A17}.Debug|Any CPU.Build.0 = Debug|Any CPU
		{0AD5E970-2D76-491F-9932-215D0E590A17}.Release|Any CPU.ActiveCfg = Release|Any CPU
		{0AD5E970-2D76-491F-9932-215D0E590A17}.Release|Any CPU.Build.0 = Release|Any CPU
		{9F57B878-5FC7-4978-9C24-E92CE625B410}.Debug|Any CPU.ActiveCfg = Debug|Any CPU
		{9F57B878-5FC7-4978-9C24-E92CE625B410}.Debug|Any CPU.Build.0 = Debug|Any CPU
		{9F57B878-5FC7-4978-9C24-E92CE625B410}.Release|Any CPU.ActiveCfg = Release|Any CPU
		{9F57B878-5FC7-4978-9C24-E92CE625B410}.Release|Any CPU.Build.0 = Release|Any CPU
		{B88B464F-F59C-43C8-A844-538D84B7F6BC}.Debug|Any CPU.ActiveCfg = Debug|Any CPU
		{B88B464F-F59C-43C8-A844-538D84B7F6BC}.Debug|Any CPU.Build.0 = Debug|Any CPU
		{B88B464F-F59C-43C8-A844-538D84B7F6BC}.Release|Any CPU.ActiveCfg = Release|Any CPU
		{B88B464F-F59C-43C8-A844-538D84B7F6BC}.Release|Any CPU.Build.0 = Release|Any CPU
		{DEEE423F-90D0-44F3-936F-ECAA1BD0DA2D}.Debug|Any CPU.ActiveCfg = Debug|Any CPU
		{DEEE423F-90D0-44F3-936F-ECAA1BD0DA2D}.Debug|Any CPU.Build.0 = Debug|Any CPU
		{DEEE423F-90D0-44F3-936F-ECAA1BD0DA2D}.Release|Any CPU.ActiveCfg = Release|Any CPU
		{DEEE423F-90D0-44F3-936F-ECAA1BD0DA2D}.Release|Any CPU.Build.0 = Release|Any CPU
		{DC2EBC28-CD71-4B6E-8C5B-87CE0F7D91EC}.Debug|Any CPU.ActiveCfg = Debug|Any CPU
		{DC2EBC28-CD71-4B6E-8C5B-87CE0F7D91EC}.Debug|Any CPU.Build.0 = Debug|Any CPU
		{DC2EBC28-CD71-4B6E-8C5B-87CE0F7D91EC}.Release|Any CPU.ActiveCfg = Release|Any CPU
		{DC2EBC28-CD71-4B6E-8C5B-87CE0F7D91EC}.Release|Any CPU.Build.0 = Release|Any CPU
		{12345678-1234-4321-ABCD-123456789001}.Debug|Any CPU.ActiveCfg = Debug|Any CPU
		{12345678-1234-4321-ABCD-123456789001}.Debug|Any CPU.Build.0 = Debug|Any CPU
		{12345678-1234-4321-ABCD-123456789001}.Release|Any CPU.ActiveCfg = Release|Any CPU
		{12345678-1234-4321-ABCD-123456789001}.Release|Any CPU.Build.0 = Release|Any CPU
		{12345678-1234-4321-ABCD-123456789002}.Debug|Any CPU.ActiveCfg = Debug|Any CPU
		{12345678-1234-4321-ABCD-123456789002}.Debug|Any CPU.Build.0 = Debug|Any CPU
		{12345678-1234-4321-ABCD-123456789002}.Release|Any CPU.ActiveCfg = Release|Any CPU
		{12345678-1234-4321-ABCD-123456789002}.Release|Any CPU.Build.0 = Release|Any CPU
		{12345678-1234-4321-ABCD-123456789003}.Debug|Any CPU.ActiveCfg = Debug|Any CPU
		{12345678-1234-4321-ABCD-123456789003}.Debug|Any CPU.Build.0 = Debug|Any CPU
		{12345678-1234-4321-ABCD-123456789003}.Release|Any CPU.ActiveCfg = Release|Any CPU
		{12345678-1234-4321-ABCD-123456789003}.Release|Any CPU.Build.0 = Release|Any CPU
	EndGlobalSection
	GlobalSection(NestedProjects) = preSolution
		{0AD5E970-2D76-491F-9932-215D0E590A17} = {D69D4C82-89BC-40F3-BED7-AB5190BA34D2}
		{9F57B878-5FC7-4978-9C24-E92CE625B410} = {28F65382-3695-4A97-8094-5CEFD8C866D3}
		{DEEE423F-90D0-44F3-936F-ECAA1BD0DA2D} = {E447780B-7E33-40A0-A43F-3CF3221A93F4}
		{B88B464F-F59C-43C8-A844-538D84B7F6BC} = {D69D4C82-89BC-40F3-BED7-AB5190BA34D2}
		{DC2EBC28-CD71-4B6E-8C5B-87CE0F7D91EC} = {28F65382-3695-4A97-8094-5CEFD8C866D3}
		{12345678-1234-4321-ABCD-123456789001} = {D69D4C82-89BC-40F3-BED7-AB5190BA34D2}
		{12345678-1234-4321-ABCD-123456789002} = {28F65382-3695-4A97-8094-5CEFD8C866D3}
		{12345678-1234-4321-ABCD-123456789003} = {D69D4C82-89BC-40F3-BED7-AB5190BA34D2}
	EndGlobalSection
EndGlobal
